
Microsoft Visual Studio Solution File, Format Version 12.00
# Visual Studio Version 16
VisualStudioVersion = 16.0.29215.179
MinimumVisualStudioVersion = 10.0.40219.1
Project("{FAE04EC0-301F-11D3-BF4B-00C04F79EFBC}") = "Ecology-2", "Ecology-2\Ecology-2.csproj", "{A61F9A58-E199-46A7-816D-E4E9AF78E7EB}"
EndProject
Global
	GlobalSection(SolutionConfigurationPlatforms) = preSolution
		Debug|Any CPU = Debug|Any CPU
		Release|Any CPU = Release|Any CPU
	EndGlobalSection
	GlobalSection(ProjectConfigurationPlatforms) = postSolution
		{A61F9A58-E199-46A7-816D-E4E9AF78E7EB}.Debug|Any CPU.ActiveCfg = Debug|Any CPU
		{A61F9A58-E199-46A7-816D-E4E9AF78E7EB}.Debug|Any CPU.Build.0 = Debug|Any CPU
		{A61F9A58-E199-46A7-816D-E4E9AF78E7EB}.Release|Any CPU.ActiveCfg = Release|Any CPU
		{A61F9A58-E199-46A7-816D-E4E9AF78E7EB}.Release|Any CPU.Build.0 = Release|Any CPU
	EndGlobalSection
	GlobalSection(SolutionProperties) = preSolution
		HideSolutionNode = FALSE
	EndGlobalSection
	GlobalSection(ExtensibilityGlobals) = postSolution
		SolutionGuid = {D22B2847-6EF6-4858-ACF8-555C3A55D5DF}
	EndGlobalSection
EndGlobal
